
Microsoft Visual Studio Solution File, Format Version 12.00
# Visual Studio Version 16
VisualStudioVersion = 16.0.30204.135
MinimumVisualStudioVersion = 10.0.40219.1
Project("{FAE04EC0-301F-11D3-BF4B-00C04F79EFBC}") = "x.ssh", "App\x.ssh.csproj", "{805E2E30-7106-427A-9829-347EF99E0735}"
EndProject
Global
	GlobalSection(SolutionConfigurationPlatforms) = preSolution
		Debug|Any CPU = Debug|Any CPU
		Release|Any CPU = Release|Any CPU
	EndGlobalSection
	GlobalSection(ProjectConfigurationPlatforms) = postSolution
		{805E2E30-7106-427A-9829-347EF99E0735}.Debug|Any CPU.ActiveCfg = Debug|Any CPU
		{805E2E30-7106-427A-9829-347EF99E0735}.Debug|Any CPU.Build.0 = Debug|Any CPU
		{805E2E30-7106-427A-9829-347EF99E0735}.Release|Any CPU.ActiveCfg = Release|Any CPU
		{805E2E30-7106-427A-9829-347EF99E0735}.Release|Any CPU.Build.0 = Release|Any CPU
	EndGlobalSection
	GlobalSection(SolutionProperties) = preSolution
		HideSolutionNode = FALSE
	EndGlobalSection
	GlobalSection(ExtensibilityGlobals) = postSolution
		SolutionGuid = {A9324E78-5FB4-453C-B5AD-8427840A4D0C}
	EndGlobalSection
EndGlobal
